
Microsoft Visual Studio Solution File, Format Version 12.00
# Visual Studio 15
VisualStudioVersion = 15.0.28307.438
MinimumVisualStudioVersion = 10.0.40219.1
Project("{FAE04EC0-301F-11D3-BF4B-00C04F79EFBC}") = "WpfApp1", "WpfApp1\WpfApp1.csproj", "{90424215-8055-4B68-AFE3-3A4444159940}"
EndProject
Global
	GlobalSection(SolutionConfigurationPlatforms) = preSolution
		Debug|Any CPU = Debug|Any CPU
		Release|Any CPU = Release|Any CPU
	EndGlobalSection
	GlobalSection(ProjectConfigurationPlatforms) = postSolution
		{90424215-8055-4B68-AFE3-3A4444159940}.Debug|Any CPU.ActiveCfg = Debug|Any CPU
		{90424215-8055-4B68-AFE3-3A4444159940}.Debug|Any CPU.Build.0 = Debug|Any CPU
		{90424215-8055-4B68-AFE3-3A4444159940}.Release|Any CPU.ActiveCfg = Release|Any CPU
		{90424215-8055-4B68-AFE3-3A4444159940}.Release|Any CPU.Build.0 = Release|Any CPU
	EndGlobalSection
	GlobalSection(SolutionProperties) = preSolution
		HideSolutionNode = FALSE
	EndGlobalSection
	GlobalSection(ExtensibilityGlobals) = postSolution
		SolutionGuid = {E54D75F1-04F9-4930-A6E7-FDAEB7876C31}
	EndGlobalSection
EndGlobal
